PODS:
  - AppsFlyerFramework (6.17.2):
    - AppsFlyerFramework/Main (= 6.17.2)
  - AppsFlyerFramework/Main (6.17.2)
  - AppsFlyerMigrationHelper (1.0.3):
    - AppsFlyerMigrationHelper/Main (= 1.0.3)
  - AppsFlyerMigrationHelper/Main (1.0.3)
  - BranchSDK (3.6.5)

DEPENDENCIES:
  - AppsFlyerFramework (= 6.17.2)
  - AppsFlyerMigrationHelper
  - BranchSDK

SPEC REPOS:
  trunk:
    - AppsFlyerFramework
    - AppsFlyerMigrationHelper
    - BranchSDK

SPEC CHECKSUMS:
  AppsFlyerFramework: 3e48c87fd356e7cbf09b87e176c0b04dc42f95fe
  AppsFlyerMigrationHelper: 4d0d27d6842bcd0402c5f750e580d58d1e283acd
  BranchSDK: ef7d89062afb08b20f65d5b1633b215ee77ab77f

PODFILE CHECKSUM: 9d00651eb7bc2be1c181ff8b0577a4bea3a7461a

COCOAPODS: 1.16.2
