// !$*UTF8*$!
{
	archiveVersion = 1;
	classes = {
	};
	objectVersion = 50;
	objects = {

/* Begin PBXBuildFile section */
		7B45A4CC2468A42100E88BCA /* AppDelegate.swift in Sources */ = {isa = PBXBuildFile; fileRef = 7B45A4CB2468A42100E88BCA /* AppDelegate.swift */; };
		7B45A4CE2468A42100E88BCA /* SceneDelegate.swift in Sources */ = {isa = PBXBuildFile; fileRef = 7B45A4CD2468A42100E88BCA /* SceneDelegate.swift */; };
		7B45A4D02468A42100E88BCA /* ApplesViewController.swift in Sources */ = {isa = PBXBuildFile; fileRef = 7B45A4CF2468A42100E88BCA /* ApplesViewController.swift */; };
		7B45A4D32468A42100E88BCA /* Main.storyboard in Resources */ = {isa = PBXBuildFile; fileRef = 7B45A4D12468A42100E88BCA /* Main.storyboard */; };
		7B45A4D52468A42300E88BCA /* Assets.xcassets in Resources */ = {isa = PBXBuildFile; fileRef = 7B45A4D42468A42300E88BCA /* Assets.xcassets */; };
		7B45A4D82468A42300E88BCA /* LaunchScreen.storyboard in Resources */ = {isa = PBXBuildFile; fileRef = 7B45A4D62468A42300E88BCA /* LaunchScreen.storyboard */; };
		7B4B5EB524BF33F600A06437 /* PeachesViewController.swift in Sources */ = {isa = PBXBuildFile; fileRef = 7B4B5EB424BF33F600A06437 /* PeachesViewController.swift */; };
		7B760F162485455F0074DB26 /* BananasViewController.swift in Sources */ = {isa = PBXBuildFile; fileRef = 7B760F152485455F0074DB26 /* BananasViewController.swift */; };
		7B760F18248556740074DB26 /* DLViewController.swift in Sources */ = {isa = PBXBuildFile; fileRef = 7B760F17248556740074DB26 /* DLViewController.swift */; };
		8D2AE63D76FC2E3F78C9FEF8 /* Pods_basic_app.framework in Frameworks */ = {isa = PBXBuildFile; fileRef = B9E1A1E5659155DBED7985A5 /* Pods_basic_app.framework */; };
/* End PBXBuildFile section */

/* Begin PBXFileReference section */
		2F40088F2E198447C891F0A6 /* Pods-basic_app.debug.xcconfig */ = {isa = PBXFileReference; includeInIndex = 1; lastKnownFileType = text.xcconfig; name = "Pods-basic_app.debug.xcconfig"; path = "Target Support Files/Pods-basic_app/Pods-basic_app.debug.xcconfig"; sourceTree = "<group>"; };
		3C2CBB21EED2656E438E5AE0 /* Pods-basic_app.release.xcconfig */ = {isa = PBXFileReference; includeInIndex = 1; lastKnownFileType = text.xcconfig; name = "Pods-basic_app.release.xcconfig"; path = "Target Support Files/Pods-basic_app/Pods-basic_app.release.xcconfig"; sourceTree = "<group>"; };
		7B45A4C82468A42100E88BCA /* basic_app.app */ = {isa = PBXFileReference; explicitFileType = wrapper.application; includeInIndex = 0; path = basic_app.app; sourceTree = BUILT_PRODUCTS_DIR; };
		7B45A4CB2468A42100E88BCA /* AppDelegate.swift */ = {isa = PBXFileReference; lastKnownFileType = sourcecode.swift; path = AppDelegate.swift; sourceTree = "<group>"; };
		7B45A4CD2468A42100E88BCA /* SceneDelegate.swift */ = {isa = PBXFileReference; lastKnownFileType = sourcecode.swift; path = SceneDelegate.swift; sourceTree = "<group>"; };
		7B45A4CF2468A42100E88BCA /* ApplesViewController.swift */ = {isa = PBXFileReference; lastKnownFileType = sourcecode.swift; path = ApplesViewController.swift; sourceTree = "<group>"; };
		7B45A4D22468A42100E88BCA /* Base */ = {isa = PBXFileReference; lastKnownFileType = file.storyboard; name = Base; path = Base.lproj/Main.storyboard; sourceTree = "<group>"; };
		7B45A4D42468A42300E88BCA /* Assets.xcassets */ = {isa = PBXFileReference; lastKnownFileType = folder.assetcatalog; path = Assets.xcassets; sourceTree = "<group>"; };
		7B45A4D72468A42300E88BCA /* Base */ = {isa = PBXFileReference; lastKnownFileType = file.storyboard; name = Base; path = Base.lproj/LaunchScreen.storyboard; sourceTree = "<group>"; };
		7B45A4D92468A42300E88BCA /* Info.plist */ = {isa = PBXFileReference; lastKnownFileType = text.plist.xml; path = Info.plist; sourceTree = "<group>"; };
		7B45A4DF2469E0B800E88BCA /* basic_app.entitlements */ = {isa = PBXFileReference; lastKnownFileType = text.plist.entitlements; path = basic_app.entitlements; sourceTree = "<group>"; };
		7B4B5EB424BF33F600A06437 /* PeachesViewController.swift */ = {isa = PBXFileReference; fileEncoding = 4; lastKnownFileType = sourcecode.swift; path = PeachesViewController.swift; sourceTree = "<group>"; };
		7B760F152485455F0074DB26 /* BananasViewController.swift */ = {isa = PBXFileReference; lastKnownFileType = sourcecode.swift; path = BananasViewController.swift; sourceTree = "<group>"; };
		7B760F17248556740074DB26 /* DLViewController.swift */ = {isa = PBXFileReference; lastKnownFileType = sourcecode.swift; path = DLViewController.swift; sourceTree = "<group>"; };
		B9E1A1E5659155DBED7985A5 /* Pods_basic_app.framework */ = {isa = PBXFileReference; explicitFileType = wrapper.framework; includeInIndex = 0; path = Pods_basic_app.framework; sourceTree = BUILT_PRODUCTS_DIR; };
/* End PBXFileReference section */

/* Begin PBXFrameworksBuildPhase section */
		7B45A4C52468A42100E88BCA /* Frameworks */ = {
			isa = PBXFrameworksBuildPhase;
			buildActionMask = 2147483647;
			files = (
				8D2AE63D76FC2E3F78C9FEF8 /* Pods_basic_app.framework in Frameworks */,
			);
			runOnlyForDeploymentPostprocessing = 0;
		};
/* End PBXFrameworksBuildPhase section */

/* Begin PBXGroup section */
		0DCB51219CAB5451074E3B4C /* Frameworks */ = {
			isa = PBXGroup;
			children = (
				B9E1A1E5659155DBED7985A5 /* Pods_basic_app.framework */,
			);
			name = Frameworks;
			sourceTree = "<group>";
		};
		7B45A4BF2468A42100E88BCA = {
			isa = PBXGroup;
			children = (
				7B45A4CA2468A42100E88BCA /* basic_app */,
				7B45A4C92468A42100E88BCA /* Products */,
				EF6407FD8961759722188677 /* Pods */,
				0DCB51219CAB5451074E3B4C /* Frameworks */,
			);
			sourceTree = "<group>";
		};
		7B45A4C92468A42100E88BCA /* Products */ = {
			isa = PBXGroup;
			children = (
				7B45A4C82468A42100E88BCA /* basic_app.app */,
			);
			name = Products;
			sourceTree = "<group>";
		};
		7B45A4CA2468A42100E88BCA /* basic_app */ = {
			isa = PBXGroup;
			children = (
				7B45A4DF2469E0B800E88BCA /* basic_app.entitlements */,
				7B45A4CB2468A42100E88BCA /* AppDelegate.swift */,
				7B45A4CD2468A42100E88BCA /* SceneDelegate.swift */,
				7B45A4CF2468A42100E88BCA /* ApplesViewController.swift */,
				7B760F17248556740074DB26 /* DLViewController.swift */,
				7B760F152485455F0074DB26 /* BananasViewController.swift */,
				7B4B5EB424BF33F600A06437 /* PeachesViewController.swift */,
				7B45A4D12468A42100E88BCA /* Main.storyboard */,
				7B45A4D42468A42300E88BCA /* Assets.xcassets */,
				7B45A4D62468A42300E88BCA /* LaunchScreen.storyboard */,
				7B45A4D92468A42300E88BCA /* Info.plist */,
			);
			path = basic_app;
			sourceTree = "<group>";
		};
		EF6407FD8961759722188677 /* Pods */ = {
			isa = PBXGroup;
			children = (
				2F40088F2E198447C891F0A6 /* Pods-basic_app.debug.xcconfig */,
				3C2CBB21EED2656E438E5AE0 /* Pods-basic_app.release.xcconfig */,
			);
			path = Pods;
			sourceTree = "<group>";
		};
/* End PBXGroup section */

/* Begin PBXNativeTarget section */
		7B45A4C72468A42100E88BCA /* basic_app */ = {
			isa = PBXNativeTarget;
			buildConfigurationList = 7B45A4DC2468A42300E88BCA /* Build configuration list for PBXNativeTarget "basic_app" */;
			buildPhases = (
				A88A515D16E46A730D34585D /* [CP] Check Pods Manifest.lock */,
				7B45A4C42468A42100E88BCA /* Sources */,
				7B45A4C52468A42100E88BCA /* Frameworks */,
				7B45A4C62468A42100E88BCA /* Resources */,
			);
			buildRules = (
			);
			dependencies = (
			);
			name = basic_app;
			productName = basic_app;
			productReference = 7B45A4C82468A42100E88BCA /* basic_app.app */;
			productType = "com.apple.product-type.application";
		};
/* End PBXNativeTarget section */

/* Begin PBXProject section */
		7B45A4C02468A42100E88BCA /* Project object */ = {
			isa = PBXProject;
			attributes = {
				LastSwiftUpdateCheck = 1140;
				LastUpgradeCheck = 1140;
				ORGANIZATIONNAME = OneLink;
				TargetAttributes = {
					7B45A4C72468A42100E88BCA = {
						CreatedOnToolsVersion = 11.4.1;
					};
				};
			};
			buildConfigurationList = 7B45A4C32468A42100E88BCA /* Build configuration list for PBXProject "basic_app" */;
			compatibilityVersion = "Xcode 9.3";
			developmentRegion = en;
			hasScannedForEncodings = 0;
			knownRegions = (
				en,
				Base,
			);
			mainGroup = 7B45A4BF2468A42100E88BCA;
			productRefGroup = 7B45A4C92468A42100E88BCA /* Products */;
			projectDirPath = "";
			projectRoot = "";
			targets = (
				7B45A4C72468A42100E88BCA /* basic_app */,
			);
		};
/* End PBXProject section */

/* Begin PBXResourcesBuildPhase section */
		7B45A4C62468A42100E88BCA /* Resources */ = {
			isa = PBXResourcesBuildPhase;
			buildActionMask = 2147483647;
			files = (
				7B45A4D82468A42300E88BCA /* LaunchScreen.storyboard in Resources */,
				7B45A4D52468A42300E88BCA /* Assets.xcassets in Resources */,
				7B45A4D32468A42100E88BCA /* Main.storyboard in Resources */,
			);
			runOnlyForDeploymentPostprocessing = 0;
		};
/* End PBXResourcesBuildPhase section */

/* Begin PBXShellScriptBuildPhase section */
		A88A515D16E46A730D34585D /* [CP] Check Pods Manifest.lock */ = {
			isa = PBXShellScriptBuildPhase;
			buildActionMask = 2147483647;
			files = (
			);
			inputFileListPaths = (
			);
			inputPaths = (
				"${PODS_PODFILE_DIR_PATH}/Podfile.lock",
				"${PODS_ROOT}/Manifest.lock",
			);
			name = "[CP] Check Pods Manifest.lock";
			outputFileListPaths = (
			);
			outputPaths = (
				"$(DERIVED_FILE_DIR)/Pods-basic_app-checkManifestLockResult.txt",
			);
			runOnlyForDeploymentPostprocessing = 0;
			shellPath = /bin/sh;
			shellScript = "diff \"${PODS_PODFILE_DIR_PATH}/Podfile.lock\" \"${PODS_ROOT}/Manifest.lock\" > /dev/null\nif [ $? != 0 ] ; then\n    # print error to STDERR\n    echo \"error: The sandbox is not in sync with the Podfile.lock. Run 'pod install' or update your CocoaPods installation.\" >&2\n    exit 1\nfi\n# This output is used by Xcode 'outputs' to avoid re-running this script phase.\necho \"SUCCESS\" > \"${SCRIPT_OUTPUT_FILE_0}\"\n";
			showEnvVarsInLog = 0;
		};
/* End PBXShellScriptBuildPhase section */

/* Begin PBXSourcesBuildPhase section */
		7B45A4C42468A42100E88BCA /* Sources */ = {
			isa = PBXSourcesBuildPhase;
			buildActionMask = 2147483647;
			files = (
				7B45A4D02468A42100E88BCA /* ApplesViewController.swift in Sources */,
				7B760F162485455F0074DB26 /* BananasViewController.swift in Sources */,
				7B4B5EB524BF33F600A06437 /* PeachesViewController.swift in Sources */,
				7B45A4CC2468A42100E88BCA /* AppDelegate.swift in Sources */,
				7B45A4CE2468A42100E88BCA /* SceneDelegate.swift in Sources */,
				7B760F18248556740074DB26 /* DLViewController.swift in Sources */,
			);
			runOnlyForDeploymentPostprocessing = 0;
		};
/* End PBXSourcesBuildPhase section */

/* Begin PBXVariantGroup section */
		7B45A4D12468A42100E88BCA /* Main.storyboard */ = {
			isa = PBXVariantGroup;
			children = (
				7B45A4D22468A42100E88BCA /* Base */,
			);
			name = Main.storyboard;
			sourceTree = "<group>";
		};
		7B45A4D62468A42300E88BCA /* LaunchScreen.storyboard */ = {
			isa = PBXVariantGroup;
			children = (
				7B45A4D72468A42300E88BCA /* Base */,
			);
			name = LaunchScreen.storyboard;
			sourceTree = "<group>";
		};
/* End PBXVariantGroup section */

/* Begin XCBuildConfiguration section */
		7B45A4DA2468A42300E88BCA /* Debug */ = {
			isa = XCBuildConfiguration;
			buildSettings = {
				ALWAYS_SEARCH_USER_PATHS = NO;
				CLANG_ANALYZER_NONNULL = YES;
				CLANG_ANALYZER_NUMBER_OBJECT_CONVERSION = YES_AGGRESSIVE;
				CLANG_CXX_LANGUAGE_STANDARD = "gnu++14";
				CLANG_CXX_LIBRARY = "libc++";
				CLANG_ENABLE_MODULES = YES;
				CLANG_ENABLE_OBJC_ARC = YES;
				CLANG_ENABLE_OBJC_WEAK = YES;
				CLANG_WARN_BLOCK_CAPTURE_AUTORELEASING = YES;
				CLANG_WARN_BOOL_CONVERSION = YES;
				CLANG_WARN_COMMA = YES;
				CLANG_WARN_CONSTANT_CONVERSION = YES;
				CLANG_WARN_DEPRECATED_OBJC_IMPLEMENTATIONS = YES;
				CLANG_WARN_DIRECT_OBJC_ISA_USAGE = YES_ERROR;
				CLANG_WARN_DOCUMENTATION_COMMENTS = YES;
				CLANG_WARN_EMPTY_BODY = YES;
				CLANG_WARN_ENUM_CONVERSION = YES;
				CLANG_WARN_INFINITE_RECURSION = YES;
				CLANG_WARN_INT_CONVERSION = YES;
				CLANG_WARN_NON_LITERAL_NULL_CONVERSION = YES;
				CLANG_WARN_OBJC_IMPLICIT_RETAIN_SELF = YES;
				CLANG_WARN_OBJC_LITERAL_CONVERSION = YES;
				CLANG_WARN_OBJC_ROOT_CLASS = YES_ERROR;
				CLANG_WARN_RANGE_LOOP_ANALYSIS = YES;
				CLANG_WARN_STRICT_PROTOTYPES = YES;
				CLANG_WARN_SUSPICIOUS_MOVE = YES;
				CLANG_WARN_UNGUARDED_AVAILABILITY = YES_AGGRESSIVE;
				CLANG_WARN_UNREACHABLE_CODE = YES;
				CLANG_WARN__DUPLICATE_METHOD_MATCH = YES;
				COPY_PHASE_STRIP = NO;
				DEBUG_INFORMATION_FORMAT = dwarf;
				ENABLE_STRICT_OBJC_MSGSEND = YES;
				ENABLE_TESTABILITY = YES;
				GCC_C_LANGUAGE_STANDARD = gnu11;
				GCC_DYNAMIC_NO_PIC = NO;
				GCC_NO_COMMON_BLOCKS = YES;
				GCC_OPTIMIZATION_LEVEL = 0;
				GCC_PREPROCESSOR_DEFINITIONS = (
					"DEBUG=1",
					"$(inherited)",
				);
				GCC_WARN_64_TO_32_BIT_CONVERSION = YES;
				GCC_WARN_ABOUT_RETURN_TYPE = YES_ERROR;
				GCC_WARN_UNDECLARED_SELECTOR = YES;
				GCC_WARN_UNINITIALIZED_AUTOS = YES_AGGRESSIVE;
				GCC_WARN_UNUSED_FUNCTION = YES;
				GCC_WARN_UNUSED_VARIABLE = YES;
				IPHONEOS_DEPLOYMENT_TARGET = 13.4;
				MTL_ENABLE_DEBUG_INFO = INCLUDE_SOURCE;
				MTL_FAST_MATH = YES;
				ONLY_ACTIVE_ARCH = YES;
				SDKROOT = iphoneos;
				SWIFT_ACTIVE_COMPILATION_CONDITIONS = DEBUG;
				SWIFT_OPTIMIZATION_LEVEL = "-Onone";
			};
			name = Debug;
		};
		7B45A4DB2468A42300E88BCA /* Release */ = {
			isa = XCBuildConfiguration;
			buildSettings = {
				ALWAYS_SEARCH_USER_PATHS = NO;
				CLANG_ANALYZER_NONNULL = YES;
				CLANG_ANALYZER_NUMBER_OBJECT_CONVERSION = YES_AGGRESSIVE;
				CLANG_CXX_LANGUAGE_STANDARD = "gnu++14";
				CLANG_CXX_LIBRARY = "libc++";
				CLANG_ENABLE_MODULES = YES;
				CLANG_ENABLE_OBJC_ARC = YES;
				CLANG_ENABLE_OBJC_WEAK = YES;
				CLANG_WARN_BLOCK_CAPTURE_AUTORELEASING = YES;
				CLANG_WARN_BOOL_CONVERSION = YES;
				CLANG_WARN_COMMA = YES;
				CLANG_WARN_CONSTANT_CONVERSION = YES;
				CLANG_WARN_DEPRECATED_OBJC_IMPLEMENTATIONS = YES;
				CLANG_WARN_DIRECT_OBJC_ISA_USAGE = YES_ERROR;
				CLANG_WARN_DOCUMENTATION_COMMENTS = YES;
				CLANG_WARN_EMPTY_BODY = YES;
				CLANG_WARN_ENUM_CONVERSION = YES;
				CLANG_WARN_INFINITE_RECURSION = YES;
				CLANG_WARN_INT_CONVERSION = YES;
				CLANG_WARN_NON_LITERAL_NULL_CONVERSION = YES;
				CLANG_WARN_OBJC_IMPLICIT_RETAIN_SELF = YES;
				CLANG_WARN_OBJC_LITERAL_CONVERSION = YES;
				CLANG_WARN_OBJC_ROOT_CLASS = YES_ERROR;
				CLANG_WARN_RANGE_LOOP_ANALYSIS = YES;
				CLANG_WARN_STRICT_PROTOTYPES = YES;
				CLANG_WARN_SUSPICIOUS_MOVE = YES;
				CLANG_WARN_UNGUARDED_AVAILABILITY = YES_AGGRESSIVE;
				CLANG_WARN_UNREACHABLE_CODE = YES;
				CLANG_WARN__DUPLICATE_METHOD_MATCH = YES;
				COPY_PHASE_STRIP = NO;
				DEBUG_INFORMATION_FORMAT = "dwarf-with-dsym";
				ENABLE_NS_ASSERTIONS = NO;
				ENABLE_STRICT_OBJC_MSGSEND = YES;
				GCC_C_LANGUAGE_STANDARD = gnu11;
				GCC_NO_COMMON_BLOCKS = YES;
				GCC_WARN_64_TO_32_BIT_CONVERSION = YES;
				GCC_WARN_ABOUT_RETURN_TYPE = YES_ERROR;
				GCC_WARN_UNDECLARED_SELECTOR = YES;
				GCC_WARN_UNINITIALIZED_AUTOS = YES_AGGRESSIVE;
				GCC_WARN_UNUSED_FUNCTION = YES;
				GCC_WARN_UNUSED_VARIABLE = YES;
				IPHONEOS_DEPLOYMENT_TARGET = 13.4;
				MTL_ENABLE_DEBUG_INFO = NO;
				MTL_FAST_MATH = YES;
				SDKROOT = iphoneos;
				SWIFT_COMPILATION_MODE = wholemodule;
				SWIFT_OPTIMIZATION_LEVEL = "-O";
				VALIDATE_PRODUCT = YES;
			};
			name = Release;
		};
		7B45A4DD2468A42300E88BCA /* Debug */ = {
			isa = XCBuildConfiguration;
			baseConfigurationReference = 2F40088F2E198447C891F0A6 /* Pods-basic_app.debug.xcconfig */;
			buildSettings = {
				ASSETCATALOG_COMPILER_APPICON_NAME = AppIcon;
				CODE_SIGN_ENTITLEMENTS = basic_app/basic_app.entitlements;
				CODE_SIGN_STYLE = Automatic;
				DEVELOPMENT_TEAM = 6UQAD4B3U2;
				INFOPLIST_FILE = basic_app/Info.plist;
				IPHONEOS_DEPLOYMENT_TARGET = 13.0;
				LD_RUNPATH_SEARCH_PATHS = (
					"$(inherited)",
					"@executable_path/Frameworks",
				);
				PRODUCT_BUNDLE_IDENTIFIER = com.AppsFlyer.KamperDemo;
				PRODUCT_NAME = "$(TARGET_NAME)";
				SWIFT_VERSION = 5.0;
				TARGETED_DEVICE_FAMILY = "1,2";
			};
			name = Debug;
		};
		7B45A4DE2468A42300E88BCA /* Release */ = {
			isa = XCBuildConfiguration;
			baseConfigurationReference = 3C2CBB21EED2656E438E5AE0 /* Pods-basic_app.release.xcconfig */;
			buildSettings = {
				ASSETCATALOG_COMPILER_APPICON_NAME = AppIcon;
				CODE_SIGN_ENTITLEMENTS = basic_app/basic_app.entitlements;
				CODE_SIGN_STYLE = Automatic;
				DEVELOPMENT_TEAM = 6UQAD4B3U2;
				INFOPLIST_FILE = basic_app/Info.plist;
				IPHONEOS_DEPLOYMENT_TARGET = 13.0;
				LD_RUNPATH_SEARCH_PATHS = (
					"$(inherited)",
					"@executable_path/Frameworks",
				);
				PRODUCT_BUNDLE_IDENTIFIER = com.AppsFlyer.KamperDemo;
				PRODUCT_NAME = "$(TARGET_NAME)";
				SWIFT_VERSION = 5.0;
				TARGETED_DEVICE_FAMILY = "1,2";
			};
			name = Release;
		};
/* End XCBuildConfiguration section */

/* Begin XCConfigurationList section */
		7B45A4C32468A42100E88BCA /* Build configuration list for PBXProject "basic_app" */ = {
			isa = XCConfigurationList;
			buildConfigurations = (
				7B45A4DA2468A42300E88BCA /* Debug */,
				7B45A4DB2468A42300E88BCA /* Release */,
			);
			defaultConfigurationIsVisible = 0;
			defaultConfigurationName = Release;
		};
		7B45A4DC2468A42300E88BCA /* Build configuration list for PBXNativeTarget "basic_app" */ = {
			isa = XCConfigurationList;
			buildConfigurations = (
				7B45A4DD2468A42300E88BCA /* Debug */,
				7B45A4DE2468A42300E88BCA /* Release */,
			);
			defaultConfigurationIsVisible = 0;
			defaultConfigurationName = Release;
		};
/* End XCConfigurationList section */
	};
	rootObject = 7B45A4C02468A42100E88BCA /* Project object */;
}
