PODS:
  - AppsFlyerFramework (6.4.0):
    - AppsFlyerFramework/Main (= 6.4.0)
  - AppsFlyerFramework/Main (6.4.0)

DEPENDENCIES:
  - AppsFlyerFramework (= 6.4.0)

SPEC REPOS:
  trunk:
    - AppsFlyerFramework

SPEC CHECKSUMS:
  AppsFlyerFramework: 9c37252d3edce38257afc065ad48a48c0f004000

PODFILE CHECKSUM: 9dd974e0c8bf56adc9349cdb62d366cc8908f927

COCOAPODS: 1.10.2
