PODS:
  - AppsFlyerFramework (6.4.3):
    - AppsFlyerFramework/Main (= 6.4.3)
  - AppsFlyerFramework/Main (6.4.3)

DEPENDENCIES:
  - AppsFlyerFramework (= 6.4.3)

SPEC REPOS:
  trunk:
    - AppsFlyerFramework

SPEC CHECKSUMS:
  AppsFlyerFramework: ce218e29f57ea92e461ca1b6f418148a1be2e0dc

PODFILE CHECKSUM: 06cd9775b4b41c59b2add4c790967ef833d73048

COCOAPODS: 1.10.2
