// !$*UTF8*$!
{
	archiveVersion = 1;
	classes = {
	};
	objectVersion = 56;
	objects = {

/* Begin PBXBuildFile section */
		E32583C12B2EF0870009A0E3 /* AppDelegate.m in Sources */ = {isa = PBXBuildFile; fileRef = E32583C02B2EF0870009A0E3 /* AppDelegate.m */; };
		E32583C42B2EF0870009A0E3 /* SceneDelegate.m in Sources */ = {isa = PBXBuildFile; fileRef = E32583C32B2EF0870009A0E3 /* SceneDelegate.m */; };
		E32583C72B2EF0870009A0E3 /* ViewController.m in Sources */ = {isa = PBXBuildFile; fileRef = E32583C62B2EF0870009A0E3 /* ViewController.m */; };
		E32583CA2B2EF0870009A0E3 /* Main.storyboard in Resources */ = {isa = PBXBuildFile; fileRef = E32583C82B2EF0870009A0E3 /* Main.storyboard */; };
		E32583CC2B2EF0890009A0E3 /* Assets.xcassets in Resources */ = {isa = PBXBuildFile; fileRef = E32583CB2B2EF0890009A0E3 /* Assets.xcassets */; };
		E32583CF2B2EF0890009A0E3 /* LaunchScreen.storyboard in Resources */ = {isa = PBXBuildFile; fileRef = E32583CD2B2EF0890009A0E3 /* LaunchScreen.storyboard */; };
		E32583D22B2EF0890009A0E3 /* main.m in Sources */ = {isa = PBXBuildFile; fileRef = E32583D12B2EF0890009A0E3 /* main.m */; };
		E32583DC2B2EF08A0009A0E3 /* obj_cTests.m in Sources */ = {isa = PBXBuildFile; fileRef = E32583DB2B2EF08A0009A0E3 /* obj_cTests.m */; };
		E32583E62B2EF08A0009A0E3 /* obj_cUITests.m in Sources */ = {isa = PBXBuildFile; fileRef = E32583E52B2EF08A0009A0E3 /* obj_cUITests.m */; };
		E32583E82B2EF08A0009A0E3 /* obj_cUITestsLaunchTests.m in Sources */ = {isa = PBXBuildFile; fileRef = E32583E72B2EF08A0009A0E3 /* obj_cUITestsLaunchTests.m */; };
/* End PBXBuildFile section */

/* Begin PBXContainerItemProxy section */
		E32583D82B2EF08A0009A0E3 /* PBXContainerItemProxy */ = {
			isa = PBXContainerItemProxy;
			containerPortal = E32583B42B2EF0870009A0E3 /* Project object */;
			proxyType = 1;
			remoteGlobalIDString = E32583BB2B2EF0870009A0E3;
			remoteInfo = "obj-c";
		};
		E32583E22B2EF08A0009A0E3 /* PBXContainerItemProxy */ = {
			isa = PBXContainerItemProxy;
			containerPortal = E32583B42B2EF0870009A0E3 /* Project object */;
			proxyType = 1;
			remoteGlobalIDString = E32583BB2B2EF0870009A0E3;
			remoteInfo = "obj-c";
		};
/* End PBXContainerItemProxy section */

/* Begin PBXFileReference section */
		E32583BC2B2EF0870009A0E3 /* obj-c.app */ = {isa = PBXFileReference; explicitFileType = wrapper.application; includeInIndex = 0; path = "obj-c.app"; sourceTree = BUILT_PRODUCTS_DIR; };
		E32583BF2B2EF0870009A0E3 /* AppDelegate.h */ = {isa = PBXFileReference; lastKnownFileType = sourcecode.c.h; path = AppDelegate.h; sourceTree = "<group>"; };
		E32583C02B2EF0870009A0E3 /* AppDelegate.m */ = {isa = PBXFileReference; lastKnownFileType = sourcecode.c.objc; path = AppDelegate.m; sourceTree = "<group>"; };
		E32583C22B2EF0870009A0E3 /* SceneDelegate.h */ = {isa = PBXFileReference; lastKnownFileType = sourcecode.c.h; path = SceneDelegate.h; sourceTree = "<group>"; };
		E32583C32B2EF0870009A0E3 /* SceneDelegate.m */ = {isa = PBXFileReference; lastKnownFileType = sourcecode.c.objc; path = SceneDelegate.m; sourceTree = "<group>"; };
		E32583C52B2EF0870009A0E3 /* ViewController.h */ = {isa = PBXFileReference; lastKnownFileType = sourcecode.c.h; path = ViewController.h; sourceTree = "<group>"; };
		E32583C62B2EF0870009A0E3 /* ViewController.m */ = {isa = PBXFileReference; lastKnownFileType = sourcecode.c.objc; path = ViewController.m; sourceTree = "<group>"; };
		E32583C92B2EF0870009A0E3 /* Base */ = {isa = PBXFileReference; lastKnownFileType = file.storyboard; name = Base; path = Base.lproj/Main.storyboard; sourceTree = "<group>"; };
		E32583CB2B2EF0890009A0E3 /* Assets.xcassets */ = {isa = PBXFileReference; lastKnownFileType = folder.assetcatalog; path = Assets.xcassets; sourceTree = "<group>"; };
		E32583CE2B2EF0890009A0E3 /* Base */ = {isa = PBXFileReference; lastKnownFileType = file.storyboard; name = Base; path = Base.lproj/LaunchScreen.storyboard; sourceTree = "<group>"; };
		E32583D02B2EF0890009A0E3 /* Info.plist */ = {isa = PBXFileReference; lastKnownFileType = text.plist.xml; path = Info.plist; sourceTree = "<group>"; };
		E32583D12B2EF0890009A0E3 /* main.m */ = {isa = PBXFileReference; lastKnownFileType = sourcecode.c.objc; path = main.m; sourceTree = "<group>"; };
		E32583D72B2EF08A0009A0E3 /* obj-cTests.xctest */ = {isa = PBXFileReference; explicitFileType = wrapper.cfbundle; includeInIndex = 0; path = "obj-cTests.xctest"; sourceTree = BUILT_PRODUCTS_DIR; };
		E32583DB2B2EF08A0009A0E3 /* obj_cTests.m */ = {isa = PBXFileReference; lastKnownFileType = sourcecode.c.objc; path = obj_cTests.m; sourceTree = "<group>"; };
		E32583E12B2EF08A0009A0E3 /* obj-cUITests.xctest */ = {isa = PBXFileReference; explicitFileType = wrapper.cfbundle; includeInIndex = 0; path = "obj-cUITests.xctest"; sourceTree = BUILT_PRODUCTS_DIR; };
		E32583E52B2EF08A0009A0E3 /* obj_cUITests.m */ = {isa = PBXFileReference; lastKnownFileType = sourcecode.c.objc; path = obj_cUITests.m; sourceTree = "<group>"; };
		E32583E72B2EF08A0009A0E3 /* obj_cUITestsLaunchTests.m */ = {isa = PBXFileReference; lastKnownFileType = sourcecode.c.objc; path = obj_cUITestsLaunchTests.m; sourceTree = "<group>"; };
/* End PBXFileReference section */

/* Begin PBXFrameworksBuildPhase section */
		E32583B92B2EF0870009A0E3 /* Frameworks */ = {
			isa = PBXFrameworksBuildPhase;
			buildActionMask = 2147483647;
			files = (
			);
			runOnlyForDeploymentPostprocessing = 0;
		};
		E32583D42B2EF08A0009A0E3 /* Frameworks */ = {
			isa = PBXFrameworksBuildPhase;
			buildActionMask = 2147483647;
			files = (
			);
			runOnlyForDeploymentPostprocessing = 0;
		};
		E32583DE2B2EF08A0009A0E3 /* Frameworks */ = {
			isa = PBXFrameworksBuildPhase;
			buildActionMask = 2147483647;
			files = (
			);
			runOnlyForDeploymentPostprocessing = 0;
		};
/* End PBXFrameworksBuildPhase section */

/* Begin PBXGroup section */
		E32583B32B2EF0870009A0E3 = {
			isa = PBXGroup;
			children = (
				E32583BE2B2EF0870009A0E3 /* obj-c */,
				E32583DA2B2EF08A0009A0E3 /* obj-cTests */,
				E32583E42B2EF08A0009A0E3 /* obj-cUITests */,
				E32583BD2B2EF0870009A0E3 /* Products */,
			);
			sourceTree = "<group>";
		};
		E32583BD2B2EF0870009A0E3 /* Products */ = {
			isa = PBXGroup;
			children = (
				E32583BC2B2EF0870009A0E3 /* obj-c.app */,
				E32583D72B2EF08A0009A0E3 /* obj-cTests.xctest */,
				E32583E12B2EF08A0009A0E3 /* obj-cUITests.xctest */,
			);
			name = Products;
			sourceTree = "<group>";
		};
		E32583BE2B2EF0870009A0E3 /* obj-c */ = {
			isa = PBXGroup;
			children = (
				E32583BF2B2EF0870009A0E3 /* AppDelegate.h */,
				E32583C02B2EF0870009A0E3 /* AppDelegate.m */,
				E32583C22B2EF0870009A0E3 /* SceneDelegate.h */,
				E32583C32B2EF0870009A0E3 /* SceneDelegate.m */,
				E32583C52B2EF0870009A0E3 /* ViewController.h */,
				E32583C62B2EF0870009A0E3 /* ViewController.m */,
				E32583C82B2EF0870009A0E3 /* Main.storyboard */,
				E32583CB2B2EF0890009A0E3 /* Assets.xcassets */,
				E32583CD2B2EF0890009A0E3 /* LaunchScreen.storyboard */,
				E32583D02B2EF0890009A0E3 /* Info.plist */,
				E32583D12B2EF0890009A0E3 /* main.m */,
			);
			path = "obj-c";
			sourceTree = "<group>";
		};
		E32583DA2B2EF08A0009A0E3 /* obj-cTests */ = {
			isa = PBXGroup;
			children = (
				E32583DB2B2EF08A0009A0E3 /* obj_cTests.m */,
			);
			path = "obj-cTests";
			sourceTree = "<group>";
		};
		E32583E42B2EF08A0009A0E3 /* obj-cUITests */ = {
			isa = PBXGroup;
			children = (
				E32583E52B2EF08A0009A0E3 /* obj_cUITests.m */,
				E32583E72B2EF08A0009A0E3 /* obj_cUITestsLaunchTests.m */,
			);
			path = "obj-cUITests";
			sourceTree = "<group>";
		};
/* End PBXGroup section */

/* Begin PBXNativeTarget section */
		E32583BB2B2EF0870009A0E3 /* obj-c */ = {
			isa = PBXNativeTarget;
			buildConfigurationList = E32583EB2B2EF08A0009A0E3 /* Build configuration list for PBXNativeTarget "obj-c" */;
			buildPhases = (
				E32583B82B2EF0870009A0E3 /* Sources */,
				E32583B92B2EF0870009A0E3 /* Frameworks */,
				E32583BA2B2EF0870009A0E3 /* Resources */,
			);
			buildRules = (
			);
			dependencies = (
			);
			name = "obj-c";
			productName = "obj-c";
			productReference = E32583BC2B2EF0870009A0E3 /* obj-c.app */;
			productType = "com.apple.product-type.application";
		};
		E32583D62B2EF08A0009A0E3 /* obj-cTests */ = {
			isa = PBXNativeTarget;
			buildConfigurationList = E32583EE2B2EF08A0009A0E3 /* Build configuration list for PBXNativeTarget "obj-cTests" */;
			buildPhases = (
				E32583D32B2EF08A0009A0E3 /* Sources */,
				E32583D42B2EF08A0009A0E3 /* Frameworks */,
				E32583D52B2EF08A0009A0E3 /* Resources */,
			);
			buildRules = (
			);
			dependencies = (
				E32583D92B2EF08A0009A0E3 /* PBXTargetDependency */,
			);
			name = "obj-cTests";
			productName = "obj-cTests";
			productReference = E32583D72B2EF08A0009A0E3 /* obj-cTests.xctest */;
			productType = "com.apple.product-type.bundle.unit-test";
		};
		E32583E02B2EF08A0009A0E3 /* obj-cUITests */ = {
			isa = PBXNativeTarget;
			buildConfigurationList = E32583F12B2EF08A0009A0E3 /* Build configuration list for PBXNativeTarget "obj-cUITests" */;
			buildPhases = (
				E32583DD2B2EF08A0009A0E3 /* Sources */,
				E32583DE2B2EF08A0009A0E3 /* Frameworks */,
				E32583DF2B2EF08A0009A0E3 /* Resources */,
			);
			buildRules = (
			);
			dependencies = (
				E32583E32B2EF08A0009A0E3 /* PBXTargetDependency */,
			);
			name = "obj-cUITests";
			productName = "obj-cUITests";
			productReference = E32583E12B2EF08A0009A0E3 /* obj-cUITests.xctest */;
			productType = "com.apple.product-type.bundle.ui-testing";
		};
/* End PBXNativeTarget section */

/* Begin PBXProject section */
		E32583B42B2EF0870009A0E3 /* Project object */ = {
			isa = PBXProject;
			attributes = {
				BuildIndependentTargetsInParallel = 1;
				LastUpgradeCheck = 1500;
				TargetAttributes = {
					E32583BB2B2EF0870009A0E3 = {
						CreatedOnToolsVersion = 15.0.1;
					};
					E32583D62B2EF08A0009A0E3 = {
						CreatedOnToolsVersion = 15.0.1;
						TestTargetID = E32583BB2B2EF0870009A0E3;
					};
					E32583E02B2EF08A0009A0E3 = {
						CreatedOnToolsVersion = 15.0.1;
						TestTargetID = E32583BB2B2EF0870009A0E3;
					};
				};
			};
			buildConfigurationList = E32583B72B2EF0870009A0E3 /* Build configuration list for PBXProject "obj-c" */;
			compatibilityVersion = "Xcode 14.0";
			developmentRegion = en;
			hasScannedForEncodings = 0;
			knownRegions = (
				en,
				Base,
			);
			mainGroup = E32583B32B2EF0870009A0E3;
			productRefGroup = E32583BD2B2EF0870009A0E3 /* Products */;
			projectDirPath = "";
			projectRoot = "";
			targets = (
				E32583BB2B2EF0870009A0E3 /* obj-c */,
				E32583D62B2EF08A0009A0E3 /* obj-cTests */,
				E32583E02B2EF08A0009A0E3 /* obj-cUITests */,
			);
		};
/* End PBXProject section */

/* Begin PBXResourcesBuildPhase section */
		E32583BA2B2EF0870009A0E3 /* Resources */ = {
			isa = PBXResourcesBuildPhase;
			buildActionMask = 2147483647;
			files = (
				E32583CF2B2EF0890009A0E3 /* LaunchScreen.storyboard in Resources */,
				E32583CC2B2EF0890009A0E3 /* Assets.xcassets in Resources */,
				E32583CA2B2EF0870009A0E3 /* Main.storyboard in Resources */,
			);
			runOnlyForDeploymentPostprocessing = 0;
		};
		E32583D52B2EF08A0009A0E3 /* Resources */ = {
			isa = PBXResourcesBuildPhase;
			buildActionMask = 2147483647;
			files = (
			);
			runOnlyForDeploymentPostprocessing = 0;
		};
		E32583DF2B2EF08A0009A0E3 /* Resources */ = {
			isa = PBXResourcesBuildPhase;
			buildActionMask = 2147483647;
			files = (
			);
			runOnlyForDeploymentPostprocessing = 0;
		};
/* End PBXResourcesBuildPhase section */

/* Begin PBXSourcesBuildPhase section */
		E32583B82B2EF0870009A0E3 /* Sources */ = {
			isa = PBXSourcesBuildPhase;
			buildActionMask = 2147483647;
			files = (
				E32583C72B2EF0870009A0E3 /* ViewController.m in Sources */,
				E32583C12B2EF0870009A0E3 /* AppDelegate.m in Sources */,
				E32583D22B2EF0890009A0E3 /* main.m in Sources */,
				E32583C42B2EF0870009A0E3 /* SceneDelegate.m in Sources */,
			);
			runOnlyForDeploymentPostprocessing = 0;
		};
		E32583D32B2EF08A0009A0E3 /* Sources */ = {
			isa = PBXSourcesBuildPhase;
			buildActionMask = 2147483647;
			files = (
				E32583DC2B2EF08A0009A0E3 /* obj_cTests.m in Sources */,
			);
			runOnlyForDeploymentPostprocessing = 0;
		};
		E32583DD2B2EF08A0009A0E3 /* Sources */ = {
			isa = PBXSourcesBuildPhase;
			buildActionMask = 2147483647;
			files = (
				E32583E82B2EF08A0009A0E3 /* obj_cUITestsLaunchTests.m in Sources */,
				E32583E62B2EF08A0009A0E3 /* obj_cUITests.m in Sources */,
			);
			runOnlyForDeploymentPostprocessing = 0;
		};
/* End PBXSourcesBuildPhase section */

/* Begin PBXTargetDependency section */
		E32583D92B2EF08A0009A0E3 /* PBXTargetDependency */ = {
			isa = PBXTargetDependency;
			target = E32583BB2B2EF0870009A0E3 /* obj-c */;
			targetProxy = E32583D82B2EF08A0009A0E3 /* PBXContainerItemProxy */;
		};
		E32583E32B2EF08A0009A0E3 /* PBXTargetDependency */ = {
			isa = PBXTargetDependency;
			target = E32583BB2B2EF0870009A0E3 /* obj-c */;
			targetProxy = E32583E22B2EF08A0009A0E3 /* PBXContainerItemProxy */;
		};
/* End PBXTargetDependency section */

/* Begin PBXVariantGroup section */
		E32583C82B2EF0870009A0E3 /* Main.storyboard */ = {
			isa = PBXVariantGroup;
			children = (
				E32583C92B2EF0870009A0E3 /* Base */,
			);
			name = Main.storyboard;
			sourceTree = "<group>";
		};
		E32583CD2B2EF0890009A0E3 /* LaunchScreen.storyboard */ = {
			isa = PBXVariantGroup;
			children = (
				E32583CE2B2EF0890009A0E3 /* Base */,
			);
			name = LaunchScreen.storyboard;
			sourceTree = "<group>";
		};
/* End PBXVariantGroup section */

/* Begin XCBuildConfiguration section */
		E32583E92B2EF08A0009A0E3 /* Debug */ = {
			isa = XCBuildConfiguration;
			buildSettings = {
				ALWAYS_SEARCH_USER_PATHS = NO;
				ASSETCATALOG_COMPILER_GENERATE_SWIFT_ASSET_SYMBOL_EXTENSIONS = YES;
				CLANG_ANALYZER_NONNULL = YES;
				CLANG_ANALYZER_NUMBER_OBJECT_CONVERSION = YES_AGGRESSIVE;
				CLANG_CXX_LANGUAGE_STANDARD = "gnu++20";
				CLANG_ENABLE_MODULES = YES;
				CLANG_ENABLE_OBJC_ARC = YES;
				CLANG_ENABLE_OBJC_WEAK = YES;
				CLANG_WARN_BLOCK_CAPTURE_AUTORELEASING = YES;
				CLANG_WARN_BOOL_CONVERSION = YES;
				CLANG_WARN_COMMA = YES;
				CLANG_WARN_CONSTANT_CONVERSION = YES;
				CLANG_WARN_DEPRECATED_OBJC_IMPLEMENTATIONS = YES;
				CLANG_WARN_DIRECT_OBJC_ISA_USAGE = YES_ERROR;
				CLANG_WARN_DOCUMENTATION_COMMENTS = YES;
				CLANG_WARN_EMPTY_BODY = YES;
				CLANG_WARN_ENUM_CONVERSION = YES;
				CLANG_WARN_INFINITE_RECURSION = YES;
				CLANG_WARN_INT_CONVERSION = YES;
				CLANG_WARN_NON_LITERAL_NULL_CONVERSION = YES;
				CLANG_WARN_OBJC_IMPLICIT_RETAIN_SELF = YES;
				CLANG_WARN_OBJC_LITERAL_CONVERSION = YES;
				CLANG_WARN_OBJC_ROOT_CLASS = YES_ERROR;
				CLANG_WARN_QUOTED_INCLUDE_IN_FRAMEWORK_HEADER = YES;
				CLANG_WARN_RANGE_LOOP_ANALYSIS = YES;
				CLANG_WARN_STRICT_PROTOTYPES = YES;
				CLANG_WARN_SUSPICIOUS_MOVE = YES;
				CLANG_WARN_UNGUARDED_AVAILABILITY = YES_AGGRESSIVE;
				CLANG_WARN_UNREACHABLE_CODE = YES;
				CLANG_WARN__DUPLICATE_METHOD_MATCH = YES;
				COPY_PHASE_STRIP = NO;
				DEBUG_INFORMATION_FORMAT = dwarf;
				ENABLE_STRICT_OBJC_MSGSEND = YES;
				ENABLE_TESTABILITY = YES;
				ENABLE_USER_SCRIPT_SANDBOXING = YES;
				GCC_C_LANGUAGE_STANDARD = gnu17;
				GCC_DYNAMIC_NO_PIC = NO;
				GCC_NO_COMMON_BLOCKS = YES;
				GCC_OPTIMIZATION_LEVEL = 0;
				GCC_PREPROCESSOR_DEFINITIONS = (
					"DEBUG=1",
					"$(inherited)",
				);
				GCC_WARN_64_TO_32_BIT_CONVERSION = YES;
				GCC_WARN_ABOUT_RETURN_TYPE = YES_ERROR;
				GCC_WARN_UNDECLARED_SELECTOR = YES;
				GCC_WARN_UNINITIALIZED_AUTOS = YES_AGGRESSIVE;
				GCC_WARN_UNUSED_FUNCTION = YES;
				GCC_WARN_UNUSED_VARIABLE = YES;
				IPHONEOS_DEPLOYMENT_TARGET = 17.0;
				LOCALIZATION_PREFERS_STRING_CATALOGS = YES;
				MTL_ENABLE_DEBUG_INFO = INCLUDE_SOURCE;
				MTL_FAST_MATH = YES;
				ONLY_ACTIVE_ARCH = YES;
				SDKROOT = iphoneos;
			};
			name = Debug;
		};
		E32583EA2B2EF08A0009A0E3 /* Release */ = {
			isa = XCBuildConfiguration;
			buildSettings = {
				ALWAYS_SEARCH_USER_PATHS = NO;
				ASSETCATALOG_COMPILER_GENERATE_SWIFT_ASSET_SYMBOL_EXTENSIONS = YES;
				CLANG_ANALYZER_NONNULL = YES;
				CLANG_ANALYZER_NUMBER_OBJECT_CONVERSION = YES_AGGRESSIVE;
				CLANG_CXX_LANGUAGE_STANDARD = "gnu++20";
				CLANG_ENABLE_MODULES = YES;
				CLANG_ENABLE_OBJC_ARC = YES;
				CLANG_ENABLE_OBJC_WEAK = YES;
				CLANG_WARN_BLOCK_CAPTURE_AUTORELEASING = YES;
				CLANG_WARN_BOOL_CONVERSION = YES;
				CLANG_WARN_COMMA = YES;
				CLANG_WARN_CONSTANT_CONVERSION = YES;
				CLANG_WARN_DEPRECATED_OBJC_IMPLEMENTATIONS = YES;
				CLANG_WARN_DIRECT_OBJC_ISA_USAGE = YES_ERROR;
				CLANG_WARN_DOCUMENTATION_COMMENTS = YES;
				CLANG_WARN_EMPTY_BODY = YES;
				CLANG_WARN_ENUM_CONVERSION = YES;
				CLANG_WARN_INFINITE_RECURSION = YES;
				CLANG_WARN_INT_CONVERSION = YES;
				CLANG_WARN_NON_LITERAL_NULL_CONVERSION = YES;
				CLANG_WARN_OBJC_IMPLICIT_RETAIN_SELF = YES;
				CLANG_WARN_OBJC_LITERAL_CONVERSION = YES;
				CLANG_WARN_OBJC_ROOT_CLASS = YES_ERROR;
				CLANG_WARN_QUOTED_INCLUDE_IN_FRAMEWORK_HEADER = YES;
				CLANG_WARN_RANGE_LOOP_ANALYSIS = YES;
				CLANG_WARN_STRICT_PROTOTYPES = YES;
				CLANG_WARN_SUSPICIOUS_MOVE = YES;
				CLANG_WARN_UNGUARDED_AVAILABILITY = YES_AGGRESSIVE;
				CLANG_WARN_UNREACHABLE_CODE = YES;
				CLANG_WARN__DUPLICATE_METHOD_MATCH = YES;
				COPY_PHASE_STRIP = NO;
				DEBUG_INFORMATION_FORMAT = "dwarf-with-dsym";
				ENABLE_NS_ASSERTIONS = NO;
				ENABLE_STRICT_OBJC_MSGSEND = YES;
				ENABLE_USER_SCRIPT_SANDBOXING = YES;
				GCC_C_LANGUAGE_STANDARD = gnu17;
				GCC_NO_COMMON_BLOCKS = YES;
				GCC_WARN_64_TO_32_BIT_CONVERSION = YES;
				GCC_WARN_ABOUT_RETURN_TYPE = YES_ERROR;
				GCC_WARN_UNDECLARED_SELECTOR = YES;
				GCC_WARN_UNINITIALIZED_AUTOS = YES_AGGRESSIVE;
				GCC_WARN_UNUSED_FUNCTION = YES;
				GCC_WARN_UNUSED_VARIABLE = YES;
				IPHONEOS_DEPLOYMENT_TARGET = 17.0;
				LOCALIZATION_PREFERS_STRING_CATALOGS = YES;
				MTL_ENABLE_DEBUG_INFO = NO;
				MTL_FAST_MATH = YES;
				SDKROOT = iphoneos;
				VALIDATE_PRODUCT = YES;
			};
			name = Release;
		};
		E32583EC2B2EF08A0009A0E3 /* Debug */ = {
			isa = XCBuildConfiguration;
			buildSettings = {
				ASSETCATALOG_COMPILER_APPICON_NAME = AppIcon;
				ASSETCATALOG_COMPILER_GLOBAL_ACCENT_COLOR_NAME = AccentColor;
				CODE_SIGN_STYLE = Automatic;
				CURRENT_PROJECT_VERSION = 1;
				GENERATE_INFOPLIST_FILE = YES;
				INFOPLIST_FILE = "obj-c/Info.plist";
				INFOPLIST_KEY_UIApplicationSupportsIndirectInputEvents = YES;
				INFOPLIST_KEY_UILaunchStoryboardName = LaunchScreen;
				INFOPLIST_KEY_UIMainStoryboardFile = Main;
				INFOPLIST_KEY_UISupportedInterfaceOrientations_iPad = "UIInterfaceOrientationPortrait UIInterfaceOrientationPortraitUpsideDown UIInterfaceOrientationLandscapeLeft UIInterfaceOrientationLandscapeRight";
				INFOPLIST_KEY_UISupportedInterfaceOrientations_iPhone = "UIInterfaceOrientationPortrait UIInterfaceOrientationLandscapeLeft UIInterfaceOrientationLandscapeRight";
				LD_RUNPATH_SEARCH_PATHS = (
					"$(inherited)",
					"@executable_path/Frameworks",
				);
				MARKETING_VERSION = 1.0;
				PRODUCT_BUNDLE_IDENTIFIER = "nehoray.obj-c";
				PRODUCT_NAME = "$(TARGET_NAME)";
				SWIFT_EMIT_LOC_STRINGS = YES;
				TARGETED_DEVICE_FAMILY = "1,2";
			};
			name = Debug;
		};
		E32583ED2B2EF08A0009A0E3 /* Release */ = {
			isa = XCBuildConfiguration;
			buildSettings = {
				ASSETCATALOG_COMPILER_APPICON_NAME = AppIcon;
				ASSETCATALOG_COMPILER_GLOBAL_ACCENT_COLOR_NAME = AccentColor;
				CODE_SIGN_STYLE = Automatic;
				CURRENT_PROJECT_VERSION = 1;
				GENERATE_INFOPLIST_FILE = YES;
				INFOPLIST_FILE = "obj-c/Info.plist";
				INFOPLIST_KEY_UIApplicationSupportsIndirectInputEvents = YES;
				INFOPLIST_KEY_UILaunchStoryboardName = LaunchScreen;
				INFOPLIST_KEY_UIMainStoryboardFile = Main;
				INFOPLIST_KEY_UISupportedInterfaceOrientations_iPad = "UIInterfaceOrientationPortrait UIInterfaceOrientationPortraitUpsideDown UIInterfaceOrientationLandscapeLeft UIInterfaceOrientationLandscapeRight";
				INFOPLIST_KEY_UISupportedInterfaceOrientations_iPhone = "UIInterfaceOrientationPortrait UIInterfaceOrientationLandscapeLeft UIInterfaceOrientationLandscapeRight";
				LD_RUNPATH_SEARCH_PATHS = (
					"$(inherited)",
					"@executable_path/Frameworks",
				);
				MARKETING_VERSION = 1.0;
				PRODUCT_BUNDLE_IDENTIFIER = "nehoray.obj-c";
				PRODUCT_NAME = "$(TARGET_NAME)";
				SWIFT_EMIT_LOC_STRINGS = YES;
				TARGETED_DEVICE_FAMILY = "1,2";
			};
			name = Release;
		};
		E32583EF2B2EF08A0009A0E3 /* Debug */ = {
			isa = XCBuildConfiguration;
			buildSettings = {
				BUNDLE_LOADER = "$(TEST_HOST)";
				CODE_SIGN_STYLE = Automatic;
				CURRENT_PROJECT_VERSION = 1;
				GENERATE_INFOPLIST_FILE = YES;
				IPHONEOS_DEPLOYMENT_TARGET = 17.0;
				MARKETING_VERSION = 1.0;
				PRODUCT_BUNDLE_IDENTIFIER = "nehoray.obj-cTests";
				PRODUCT_NAME = "$(TARGET_NAME)";
				SWIFT_EMIT_LOC_STRINGS = NO;
				TARGETED_DEVICE_FAMILY = "1,2";
				TEST_HOST = "$(BUILT_PRODUCTS_DIR)/obj-c.app/$(BUNDLE_EXECUTABLE_FOLDER_PATH)/obj-c";
			};
			name = Debug;
		};
		E32583F02B2EF08A0009A0E3 /* Release */ = {
			isa = XCBuildConfiguration;
			buildSettings = {
				BUNDLE_LOADER = "$(TEST_HOST)";
				CODE_SIGN_STYLE = Automatic;
				CURRENT_PROJECT_VERSION = 1;
				GENERATE_INFOPLIST_FILE = YES;
				IPHONEOS_DEPLOYMENT_TARGET = 17.0;
				MARKETING_VERSION = 1.0;
				PRODUCT_BUNDLE_IDENTIFIER = "nehoray.obj-cTests";
				PRODUCT_NAME = "$(TARGET_NAME)";
				SWIFT_EMIT_LOC_STRINGS = NO;
				TARGETED_DEVICE_FAMILY = "1,2";
				TEST_HOST = "$(BUILT_PRODUCTS_DIR)/obj-c.app/$(BUNDLE_EXECUTABLE_FOLDER_PATH)/obj-c";
			};
			name = Release;
		};
		E32583F22B2EF08A0009A0E3 /* Debug */ = {
			isa = XCBuildConfiguration;
			buildSettings = {
				CODE_SIGN_STYLE = Automatic;
				CURRENT_PROJECT_VERSION = 1;
				GENERATE_INFOPLIST_FILE = YES;
				MARKETING_VERSION = 1.0;
				PRODUCT_BUNDLE_IDENTIFIER = "nehoray.obj-cUITests";
				PRODUCT_NAME = "$(TARGET_NAME)";
				SWIFT_EMIT_LOC_STRINGS = NO;
				TARGETED_DEVICE_FAMILY = "1,2";
				TEST_TARGET_NAME = "obj-c";
			};
			name = Debug;
		};
		E32583F32B2EF08A0009A0E3 /* Release */ = {
			isa = XCBuildConfiguration;
			buildSettings = {
				CODE_SIGN_STYLE = Automatic;
				CURRENT_PROJECT_VERSION = 1;
				GENERATE_INFOPLIST_FILE = YES;
				MARKETING_VERSION = 1.0;
				PRODUCT_BUNDLE_IDENTIFIER = "nehoray.obj-cUITests";
				PRODUCT_NAME = "$(TARGET_NAME)";
				SWIFT_EMIT_LOC_STRINGS = NO;
				TARGETED_DEVICE_FAMILY = "1,2";
				TEST_TARGET_NAME = "obj-c";
			};
			name = Release;
		};
/* End XCBuildConfiguration section */

/* Begin XCConfigurationList section */
		E32583B72B2EF0870009A0E3 /* Build configuration list for PBXProject "obj-c" */ = {
			isa = XCConfigurationList;
			buildConfigurations = (
				E32583E92B2EF08A0009A0E3 /* Debug */,
				E32583EA2B2EF08A0009A0E3 /* Release */,
			);
			defaultConfigurationIsVisible = 0;
			defaultConfigurationName = Release;
		};
		E32583EB2B2EF08A0009A0E3 /* Build configuration list for PBXNativeTarget "obj-c" */ = {
			isa = XCConfigurationList;
			buildConfigurations = (
				E32583EC2B2EF08A0009A0E3 /* Debug */,
				E32583ED2B2EF08A0009A0E3 /* Release */,
			);
			defaultConfigurationIsVisible = 0;
			defaultConfigurationName = Release;
		};
		E32583EE2B2EF08A0009A0E3 /* Build configuration list for PBXNativeTarget "obj-cTests" */ = {
			isa = XCConfigurationList;
			buildConfigurations = (
				E32583EF2B2EF08A0009A0E3 /* Debug */,
				E32583F02B2EF08A0009A0E3 /* Release */,
			);
			defaultConfigurationIsVisible = 0;
			defaultConfigurationName = Release;
		};
		E32583F12B2EF08A0009A0E3 /* Build configuration list for PBXNativeTarget "obj-cUITests" */ = {
			isa = XCConfigurationList;
			buildConfigurations = (
				E32583F22B2EF08A0009A0E3 /* Debug */,
				E32583F32B2EF08A0009A0E3 /* Release */,
			);
			defaultConfigurationIsVisible = 0;
			defaultConfigurationName = Release;
		};
/* End XCConfigurationList section */
	};
	rootObject = E32583B42B2EF0870009A0E3 /* Project object */;
}
